
Microsoft Visual Studio Solution File, Format Version 12.00
# Visual Studio Version 16
VisualStudioVersion = 16.0.31613.86
MinimumVisualStudioVersion = 10.0.40219.1
Project("{9A19103F-16F7-4668-BE54-9A1E7A4F7556}") = "PokemonServer", "PokemonServer.csproj", "{1BF1B827-6192-4AF6-8329-A7A4577646B9}"
EndProject
Project("{FAE04EC0-301F-11D3-BF4B-00C04F79EFBC}") = "PokemonServerTests", "..\PokemonServerTests\PokemonServerTests.csproj", "{A74550EB-2945-4CA4-AB6E-8079E6F1699F}"
EndProject
Global
	GlobalSection(SolutionConfigurationPlatforms) = preSolution
		Debug|Any CPU = Debug|Any CPU
		Release|Any CPU = Release|Any CPU
	EndGlobalSection
	GlobalSection(ProjectConfigurationPlatforms) = postSolution
		{1BF1B827-6192-4AF6-8329-A7A4577646B9}.Debug|Any CPU.ActiveCfg = Debug|Any CPU
		{1BF1B827-6192-4AF6-8329-A7A4577646B9}.Debug|Any CPU.Build.0 = Debug|Any CPU
		{1BF1B827-6192-4AF6-8329-A7A4577646B9}.Release|Any CPU.ActiveCfg = Release|Any CPU
		{1BF1B827-6192-4AF6-8329-A7A4577646B9}.Release|Any CPU.Build.0 = Release|Any CPU
		{A74550EB-2945-4CA4-AB6E-8079E6F1699F}.Debug|Any CPU.ActiveCfg = Debug|Any CPU
		{A74550EB-2945-4CA4-AB6E-8079E6F1699F}.Debug|Any CPU.Build.0 = Debug|Any CPU
		{A74550EB-2945-4CA4-AB6E-8079E6F1699F}.Release|Any CPU.ActiveCfg = Release|Any CPU
		{A74550EB-2945-4CA4-AB6E-8079E6F1699F}.Release|Any CPU.Build.0 = Release|Any CPU
	EndGlobalSection
	GlobalSection(SolutionProperties) = preSolution
		HideSolutionNode = FALSE
	EndGlobalSection
	GlobalSection(ExtensibilityGlobals) = postSolution
		SolutionGuid = {AFACABFC-E1E1-41B1-82EB-79818BD52671}
	EndGlobalSection
EndGlobal
